// !$*UTF8*$!
{
	archiveVersion = 1;
	classes = {
	};
	objectVersion = 56;
	objects = {

/* Begin PBXBuildFile section */
		6D1BD83829D586CD00570C46 /* Utils.swift in Sources */ = {isa = PBXBuildFile; fileRef = 6D1BD83729D586CD00570C46 /* Utils.swift */; };
		6D1BD84629D6D41700570C46 /* AboutEditViewController.swift in Sources */ = {isa = PBXBuildFile; fileRef = 6D1BD84529D6D41700570C46 /* AboutEditViewController.swift */; };
		6D1BD84829D6D42E00570C46 /* ExperienceListViewController.swift in Sources */ = {isa = PBXBuildFile; fileRef = 6D1BD84729D6D42E00570C46 /* ExperienceListViewController.swift */; };
		6D1BD84A29D6D43B00570C46 /* EducationListViewController.swift in Sources */ = {isa = PBXBuildFile; fileRef = 6D1BD84929D6D43B00570C46 /* EducationListViewController.swift */; };
		6D1BD84C29D6D44900570C46 /* SkillsEditViewController.swift in Sources */ = {isa = PBXBuildFile; fileRef = 6D1BD84B29D6D44900570C46 /* SkillsEditViewController.swift */; };
		6D1BD85029D6E0E100570C46 /* UICountingTextView.swift in Sources */ = {isa = PBXBuildFile; fileRef = 6D1BD84F29D6E0E100570C46 /* UICountingTextView.swift */; };
		6D1BD85229D7F3ED00570C46 /* UIDateTextView.swift in Sources */ = {isa = PBXBuildFile; fileRef = 6D1BD85129D7F3EC00570C46 /* UIDateTextView.swift */; };
		6D38202629EABEF10052628D /* PdfKitPdfGenerator.swift in Sources */ = {isa = PBXBuildFile; fileRef = 6D38202529EABEF10052628D /* PdfKitPdfGenerator.swift */; };
		6D38202829EAF2BB0052628D /* ClassicResumeFormat.swift in Sources */ = {isa = PBXBuildFile; fileRef = 6D38202729EAF2BB0052628D /* ClassicResumeFormat.swift */; };
		6D3DFB8D29E71A5F00684B9D /* PDFGenerator.swift in Sources */ = {isa = PBXBuildFile; fileRef = 6D3DFB8C29E71A5F00684B9D /* PDFGenerator.swift */; };
		6D3DFB8F29E8099100684B9D /* PDFViewController.swift in Sources */ = {isa = PBXBuildFile; fileRef = 6D3DFB8E29E8099100684B9D /* PDFViewController.swift */; };
		6D3DFB9129E80D0800684B9D /* PdfModel.swift in Sources */ = {isa = PBXBuildFile; fileRef = 6D3DFB9029E80D0800684B9D /* PdfModel.swift */; };
		6D3DFB9329E8962E00684B9D /* PdfElement.swift in Sources */ = {isa = PBXBuildFile; fileRef = 6D3DFB9229E8962E00684B9D /* PdfElement.swift */; };
		6D3DFB9529E8966700684B9D /* PdfComponent.swift in Sources */ = {isa = PBXBuildFile; fileRef = 6D3DFB9429E8966700684B9D /* PdfComponent.swift */; };
		6D4B63C429DEC40C00A89FD8 /* ExperienceEditViewModel.swift in Sources */ = {isa = PBXBuildFile; fileRef = 6D4B63C329DEC40C00A89FD8 /* ExperienceEditViewModel.swift */; };
		6D4B63C629DEC41600A89FD8 /* EducationEditViewModel.swift in Sources */ = {isa = PBXBuildFile; fileRef = 6D4B63C529DEC41600A89FD8 /* EducationEditViewModel.swift */; };
		6D4B63CD29E06AC800A89FD8 /* CDExperience+CoreDataClass.swift in Sources */ = {isa = PBXBuildFile; fileRef = 6D4B63CB29E06AC800A89FD8 /* CDExperience+CoreDataClass.swift */; };
		6D4B63CE29E06AC800A89FD8 /* CDExperience+CoreDataProperties.swift in Sources */ = {isa = PBXBuildFile; fileRef = 6D4B63CC29E06AC800A89FD8 /* CDExperience+CoreDataProperties.swift */; };
		6D4B63D129E06DAD00A89FD8 /* PersistentStorage.swift in Sources */ = {isa = PBXBuildFile; fileRef = 6D4B63D029E06DAD00A89FD8 /* PersistentStorage.swift */; };
		6D4B63D329E070C700A89FD8 /* ExperienceRepository.swift in Sources */ = {isa = PBXBuildFile; fileRef = 6D4B63D229E070C700A89FD8 /* ExperienceRepository.swift */; };
		6D4B63DA29E0B1A300A89FD8 /* AboutRepository.swift in Sources */ = {isa = PBXBuildFile; fileRef = 6D4B63D929E0B1A300A89FD8 /* AboutRepository.swift */; };
		6D4B63DC29E0B34700A89FD8 /* EducationRepository.swift in Sources */ = {isa = PBXBuildFile; fileRef = 6D4B63DB29E0B34700A89FD8 /* EducationRepository.swift */; };
		6D4B63FE29E0B76B00A89FD8 /* dataModel.xcdatamodeld in Sources */ = {isa = PBXBuildFile; fileRef = 6D4B63FC29E0B76B00A89FD8 /* dataModel.xcdatamodeld */; };
		6D4B640329E0B7F500A89FD8 /* CDEducation+CoreDataClass.swift in Sources */ = {isa = PBXBuildFile; fileRef = 6D4B640129E0B7F500A89FD8 /* CDEducation+CoreDataClass.swift */; };
		6D4B640429E0B7F500A89FD8 /* CDEducation+CoreDataProperties.swift in Sources */ = {isa = PBXBuildFile; fileRef = 6D4B640229E0B7F500A89FD8 /* CDEducation+CoreDataProperties.swift */; };
		6D4B640729E0B81100A89FD8 /* CDSkill+CoreDataClass.swift in Sources */ = {isa = PBXBuildFile; fileRef = 6D4B640529E0B81100A89FD8 /* CDSkill+CoreDataClass.swift */; };
		6D4B640829E0B81100A89FD8 /* CDSkill+CoreDataProperties.swift in Sources */ = {isa = PBXBuildFile; fileRef = 6D4B640629E0B81100A89FD8 /* CDSkill+CoreDataProperties.swift */; };
		6D4B640B29E0C24200A89FD8 /* AboutEditViewModel.swift in Sources */ = {isa = PBXBuildFile; fileRef = 6D4B640A29E0C24200A89FD8 /* AboutEditViewModel.swift */; };
		6D4B640D29E0C6F200A89FD8 /* SkillRepository.swift in Sources */ = {isa = PBXBuildFile; fileRef = 6D4B640C29E0C6F200A89FD8 /* SkillRepository.swift */; };
		6D4B640F29E0CF0200A89FD8 /* SectionListModel.swift in Sources */ = {isa = PBXBuildFile; fileRef = 6D4B640E29E0CF0200A89FD8 /* SectionListModel.swift */; };
		6D4B641229E209D400A89FD8 /* CDAbout+CoreDataClass.swift in Sources */ = {isa = PBXBuildFile; fileRef = 6D4B641029E209D400A89FD8 /* CDAbout+CoreDataClass.swift */; };
		6D4B641329E209D400A89FD8 /* CDAbout+CoreDataProperties.swift in Sources */ = {isa = PBXBuildFile; fileRef = 6D4B641129E209D400A89FD8 /* CDAbout+CoreDataProperties.swift */; };
		6D849F5C29CF53630041685D /* AppDelegate.swift in Sources */ = {isa = PBXBuildFile; fileRef = 6D849F5B29CF53630041685D /* AppDelegate.swift */; };
		6D849F5E29CF53630041685D /* SceneDelegate.swift in Sources */ = {isa = PBXBuildFile; fileRef = 6D849F5D29CF53630041685D /* SceneDelegate.swift */; };
		6D849F6529CF53640041685D /* Assets.xcassets in Resources */ = {isa = PBXBuildFile; fileRef = 6D849F6429CF53640041685D /* Assets.xcassets */; };
		6D849F6829CF53640041685D /* LaunchScreen.storyboard in Resources */ = {isa = PBXBuildFile; fileRef = 6D849F6629CF53640041685D /* LaunchScreen.storyboard */; };
		6D849F7429D0014F0041685D /* Extensions.swift in Sources */ = {isa = PBXBuildFile; fileRef = 6D849F7329D0014F0041685D /* Extensions.swift */; };
		6D849F7729D002300041685D /* ExperienceModel.swift in Sources */ = {isa = PBXBuildFile; fileRef = 6D849F7629D002300041685D /* ExperienceModel.swift */; };
		6DE0F90329DBF32E00812097 /* ChipsView.swift in Sources */ = {isa = PBXBuildFile; fileRef = 6DE0F90229DBF32E00812097 /* ChipsView.swift */; };
		6DE0F90629DC2CF100812097 /* SingleChipView.swift in Sources */ = {isa = PBXBuildFile; fileRef = 6DE0F90529DC2CF100812097 /* SingleChipView.swift */; };
		6DE0F90829DC311C00812097 /* EducationListViewModel.swift in Sources */ = {isa = PBXBuildFile; fileRef = 6DE0F90729DC311C00812097 /* EducationListViewModel.swift */; };
		6DE0F90A29DC312900812097 /* ExperienceListViewModel.swift in Sources */ = {isa = PBXBuildFile; fileRef = 6DE0F90929DC312900812097 /* ExperienceListViewModel.swift */; };
		6DE0F90C29DC66B100812097 /* SingleChipModel.swift in Sources */ = {isa = PBXBuildFile; fileRef = 6DE0F90B29DC66B100812097 /* SingleChipModel.swift */; };
		6DE0F90E29DC9EE800812097 /* SkillsEditViewModel.swift in Sources */ = {isa = PBXBuildFile; fileRef = 6DE0F90D29DC9EE700812097 /* SkillsEditViewModel.swift */; };
		6DE0F91529DD71F300812097 /* SkillModel.swift in Sources */ = {isa = PBXBuildFile; fileRef = 6DE0F91429DD71F300812097 /* SkillModel.swift */; };
		6DE0F91829DDBA3200812097 /* ExperienceEditViewController.swift in Sources */ = {isa = PBXBuildFile; fileRef = 6DE0F91729DDBA3200812097 /* ExperienceEditViewController.swift */; };
		6DE0F91A29DDBA4000812097 /* EducationEditViewController.swift in Sources */ = {isa = PBXBuildFile; fileRef = 6DE0F91929DDBA4000812097 /* EducationEditViewController.swift */; };
		6DE47CE229D1DBFA00F38FCD /* SectionListViewController.swift in Sources */ = {isa = PBXBuildFile; fileRef = 6DE47CE129D1DBFA00F38FCD /* SectionListViewController.swift */; };
		6DE47CE729D22B5900F38FCD /* SectionType.swift in Sources */ = {isa = PBXBuildFile; fileRef = 6DE47CE629D22B5900F38FCD /* SectionType.swift */; };
		6DE47CE929D22B9000F38FCD /* ExperienceSectionTableViewCell.swift in Sources */ = {isa = PBXBuildFile; fileRef = 6DE47CE829D22B9000F38FCD /* ExperienceSectionTableViewCell.swift */; };
		6DE47CEB29D22BAC00F38FCD /* EducationSectionTableViewCell.swift in Sources */ = {isa = PBXBuildFile; fileRef = 6DE47CEA29D22BAC00F38FCD /* EducationSectionTableViewCell.swift */; };
		6DE47CED29D22BCE00F38FCD /* SkillSectionTableViewCell.swift in Sources */ = {isa = PBXBuildFile; fileRef = 6DE47CEC29D22BCE00F38FCD /* SkillSectionTableViewCell.swift */; };
		6DE47CEF29D22E0A00F38FCD /* AboutSectionTableViewCell.swift in Sources */ = {isa = PBXBuildFile; fileRef = 6DE47CEE29D22E0A00F38FCD /* AboutSectionTableViewCell.swift */; };
		6DE47CF129D231AD00F38FCD /* AboutModel.swift in Sources */ = {isa = PBXBuildFile; fileRef = 6DE47CF029D231AD00F38FCD /* AboutModel.swift */; };
		6DE47CF329D231BA00F38FCD /* EducationModel.swift in Sources */ = {isa = PBXBuildFile; fileRef = 6DE47CF229D231BA00F38FCD /* EducationModel.swift */; };
		6DE47CF729D2327E00F38FCD /* SectionListViewModel.swift in Sources */ = {isa = PBXBuildFile; fileRef = 6DE47CF629D2327E00F38FCD /* SectionListViewModel.swift */; };
		6DE47CFA29D2C1F000F38FCD /* SectionBaseModel.swift in Sources */ = {isa = PBXBuildFile; fileRef = 6DE47CF929D2C1F000F38FCD /* SectionBaseModel.swift */; };
		6DE47CFC29D2D52200F38FCD /* SectionListDataModel.swift in Sources */ = {isa = PBXBuildFile; fileRef = 6DE47CFB29D2D52200F38FCD /* SectionListDataModel.swift */; };
/* End PBXBuildFile section */

/* Begin PBXFileReference section */
		6D1BD83729D586CD00570C46 /* Utils.swift */ = {isa = PBXFileReference; lastKnownFileType = sourcecode.swift; path = Utils.swift; sourceTree = "<group>"; };
		6D1BD84529D6D41700570C46 /* AboutEditViewController.swift */ = {isa = PBXFileReference; lastKnownFileType = sourcecode.swift; path = AboutEditViewController.swift; sourceTree = "<group>"; };
		6D1BD84729D6D42E00570C46 /* ExperienceListViewController.swift */ = {isa = PBXFileReference; lastKnownFileType = sourcecode.swift; path = ExperienceListViewController.swift; sourceTree = "<group>"; };
		6D1BD84929D6D43B00570C46 /* EducationListViewController.swift */ = {isa = PBXFileReference; lastKnownFileType = sourcecode.swift; path = EducationListViewController.swift; sourceTree = "<group>"; };
		6D1BD84B29D6D44900570C46 /* SkillsEditViewController.swift */ = {isa = PBXFileReference; lastKnownFileType = sourcecode.swift; path = SkillsEditViewController.swift; sourceTree = "<group>"; };
		6D1BD84F29D6E0E100570C46 /* UICountingTextView.swift */ = {isa = PBXFileReference; lastKnownFileType = sourcecode.swift; path = UICountingTextView.swift; sourceTree = "<group>"; };
		6D1BD85129D7F3EC00570C46 /* UIDateTextView.swift */ = {isa = PBXFileReference; lastKnownFileType = sourcecode.swift; path = UIDateTextView.swift; sourceTree = "<group>"; };
		6D38202529EABEF10052628D /* PdfKitPdfGenerator.swift */ = {isa = PBXFileReference; lastKnownFileType = sourcecode.swift; path = PdfKitPdfGenerator.swift; sourceTree = "<group>"; };
		6D38202729EAF2BB0052628D /* ClassicResumeFormat.swift */ = {isa = PBXFileReference; lastKnownFileType = sourcecode.swift; path = ClassicResumeFormat.swift; sourceTree = "<group>"; };
		6D3DFB8C29E71A5F00684B9D /* PDFGenerator.swift */ = {isa = PBXFileReference; lastKnownFileType = sourcecode.swift; path = PDFGenerator.swift; sourceTree = "<group>"; };
		6D3DFB8E29E8099100684B9D /* PDFViewController.swift */ = {isa = PBXFileReference; lastKnownFileType = sourcecode.swift; path = PDFViewController.swift; sourceTree = "<group>"; };
		6D3DFB9029E80D0800684B9D /* PdfModel.swift */ = {isa = PBXFileReference; lastKnownFileType = sourcecode.swift; path = PdfModel.swift; sourceTree = "<group>"; };
		6D3DFB9229E8962E00684B9D /* PdfElement.swift */ = {isa = PBXFileReference; lastKnownFileType = sourcecode.swift; path = PdfElement.swift; sourceTree = "<group>"; };
		6D3DFB9429E8966700684B9D /* PdfComponent.swift */ = {isa = PBXFileReference; lastKnownFileType = sourcecode.swift; path = PdfComponent.swift; sourceTree = "<group>"; };
		6D4B63C329DEC40C00A89FD8 /* ExperienceEditViewModel.swift */ = {isa = PBXFileReference; lastKnownFileType = sourcecode.swift; path = ExperienceEditViewModel.swift; sourceTree = "<group>"; };
		6D4B63C529DEC41600A89FD8 /* EducationEditViewModel.swift */ = {isa = PBXFileReference; lastKnownFileType = sourcecode.swift; path = EducationEditViewModel.swift; sourceTree = "<group>"; };
		6D4B63CB29E06AC800A89FD8 /* CDExperience+CoreDataClass.swift */ = {isa = PBXFileReference; lastKnownFileType = sourcecode.swift; name = "CDExperience+CoreDataClass.swift"; path = "PorfolioCreator/LocalStorage/Experience/CDExperience+CoreDataClass.swift"; sourceTree = SOURCE_ROOT; };
		6D4B63CC29E06AC800A89FD8 /* CDExperience+CoreDataProperties.swift */ = {isa = PBXFileReference; lastKnownFileType = sourcecode.swift; name = "CDExperience+CoreDataProperties.swift"; path = "PorfolioCreator/LocalStorage/Experience/CDExperience+CoreDataProperties.swift"; sourceTree = SOURCE_ROOT; };
		6D4B63D029E06DAD00A89FD8 /* PersistentStorage.swift */ = {isa = PBXFileReference; lastKnownFileType = sourcecode.swift; path = PersistentStorage.swift; sourceTree = "<group>"; };
		6D4B63D229E070C700A89FD8 /* ExperienceRepository.swift */ = {isa = PBXFileReference; lastKnownFileType = sourcecode.swift; path = ExperienceRepository.swift; sourceTree = "<group>"; };
		6D4B63D929E0B1A300A89FD8 /* AboutRepository.swift */ = {isa = PBXFileReference; lastKnownFileType = sourcecode.swift; path = AboutRepository.swift; sourceTree = "<group>"; };
		6D4B63DB29E0B34700A89FD8 /* EducationRepository.swift */ = {isa = PBXFileReference; lastKnownFileType = sourcecode.swift; path = EducationRepository.swift; sourceTree = "<group>"; };
		6D4B63FD29E0B76B00A89FD8 /* dataModel.xcdatamodel */ = {isa = PBXFileReference; lastKnownFileType = wrapper.xcdatamodel; path = dataModel.xcdatamodel; sourceTree = "<group>"; };
		6D4B640129E0B7F500A89FD8 /* CDEducation+CoreDataClass.swift */ = {isa = PBXFileReference; lastKnownFileType = sourcecode.swift; name = "CDEducation+CoreDataClass.swift"; path = "PorfolioCreator/LocalStorage/Education/CDEducation+CoreDataClass.swift"; sourceTree = SOURCE_ROOT; };
		6D4B640229E0B7F500A89FD8 /* CDEducation+CoreDataProperties.swift */ = {isa = PBXFileReference; lastKnownFileType = sourcecode.swift; name = "CDEducation+CoreDataProperties.swift"; path = "PorfolioCreator/LocalStorage/Education/CDEducation+CoreDataProperties.swift"; sourceTree = SOURCE_ROOT; };
		6D4B640529E0B81100A89FD8 /* CDSkill+CoreDataClass.swift */ = {isa = PBXFileReference; lastKnownFileType = sourcecode.swift; name = "CDSkill+CoreDataClass.swift"; path = "PorfolioCreator/LocalStorage/Skill/CDSkill+CoreDataClass.swift"; sourceTree = SOURCE_ROOT; };
		6D4B640629E0B81100A89FD8 /* CDSkill+CoreDataProperties.swift */ = {isa = PBXFileReference; lastKnownFileType = sourcecode.swift; name = "CDSkill+CoreDataProperties.swift"; path = "PorfolioCreator/LocalStorage/Skill/CDSkill+CoreDataProperties.swift"; sourceTree = SOURCE_ROOT; };
		6D4B640A29E0C24200A89FD8 /* AboutEditViewModel.swift */ = {isa = PBXFileReference; lastKnownFileType = sourcecode.swift; path = AboutEditViewModel.swift; sourceTree = "<group>"; };
		6D4B640C29E0C6F200A89FD8 /* SkillRepository.swift */ = {isa = PBXFileReference; lastKnownFileType = sourcecode.swift; path = SkillRepository.swift; sourceTree = "<group>"; };
		6D4B640E29E0CF0200A89FD8 /* SectionListModel.swift */ = {isa = PBXFileReference; lastKnownFileType = sourcecode.swift; path = SectionListModel.swift; sourceTree = "<group>"; };
		6D4B641029E209D400A89FD8 /* CDAbout+CoreDataClass.swift */ = {isa = PBXFileReference; lastKnownFileType = sourcecode.swift; name = "CDAbout+CoreDataClass.swift"; path = "PorfolioCreator/LocalStorage/About/CDAbout+CoreDataClass.swift"; sourceTree = SOURCE_ROOT; };
		6D4B641129E209D400A89FD8 /* CDAbout+CoreDataProperties.swift */ = {isa = PBXFileReference; lastKnownFileType = sourcecode.swift; name = "CDAbout+CoreDataProperties.swift"; path = "PorfolioCreator/LocalStorage/About/CDAbout+CoreDataProperties.swift"; sourceTree = SOURCE_ROOT; };
		6D849F5829CF53630041685D /* PorfolioCreator.app */ = {isa = PBXFileReference; explicitFileType = wrapper.application; includeInIndex = 0; path = PorfolioCreator.app; sourceTree = BUILT_PRODUCTS_DIR; };
		6D849F5B29CF53630041685D /* AppDelegate.swift */ = {isa = PBXFileReference; lastKnownFileType = sourcecode.swift; path = AppDelegate.swift; sourceTree = "<group>"; };
		6D849F5D29CF53630041685D /* SceneDelegate.swift */ = {isa = PBXFileReference; lastKnownFileType = sourcecode.swift; path = SceneDelegate.swift; sourceTree = "<group>"; };
		6D849F6429CF53640041685D /* Assets.xcassets */ = {isa = PBXFileReference; lastKnownFileType = folder.assetcatalog; path = Assets.xcassets; sourceTree = "<group>"; };
		6D849F6729CF53640041685D /* Base */ = {isa = PBXFileReference; lastKnownFileType = file.storyboard; name = Base; path = Base.lproj/LaunchScreen.storyboard; sourceTree = "<group>"; };
		6D849F6929CF53640041685D /* Info.plist */ = {isa = PBXFileReference; lastKnownFileType = text.plist.xml; path = Info.plist; sourceTree = "<group>"; };
		6D849F7329D0014F0041685D /* Extensions.swift */ = {isa = PBXFileReference; lastKnownFileType = sourcecode.swift; path = Extensions.swift; sourceTree = "<group>"; };
		6D849F7629D002300041685D /* ExperienceModel.swift */ = {isa = PBXFileReference; lastKnownFileType = sourcecode.swift; path = ExperienceModel.swift; sourceTree = "<group>"; };
		6DE0F90229DBF32E00812097 /* ChipsView.swift */ = {isa = PBXFileReference; lastKnownFileType = sourcecode.swift; path = ChipsView.swift; sourceTree = "<group>"; };
		6DE0F90529DC2CF100812097 /* SingleChipView.swift */ = {isa = PBXFileReference; lastKnownFileType = sourcecode.swift; path = SingleChipView.swift; sourceTree = "<group>"; };
		6DE0F90729DC311C00812097 /* EducationListViewModel.swift */ = {isa = PBXFileReference; lastKnownFileType = sourcecode.swift; path = EducationListViewModel.swift; sourceTree = "<group>"; };
		6DE0F90929DC312900812097 /* ExperienceListViewModel.swift */ = {isa = PBXFileReference; lastKnownFileType = sourcecode.swift; path = ExperienceListViewModel.swift; sourceTree = "<group>"; };
		6DE0F90B29DC66B100812097 /* SingleChipModel.swift */ = {isa = PBXFileReference; lastKnownFileType = sourcecode.swift; path = SingleChipModel.swift; sourceTree = "<group>"; };
		6DE0F90D29DC9EE700812097 /* SkillsEditViewModel.swift */ = {isa = PBXFileReference; lastKnownFileType = sourcecode.swift; path = SkillsEditViewModel.swift; sourceTree = "<group>"; };
		6DE0F91429DD71F300812097 /* SkillModel.swift */ = {isa = PBXFileReference; lastKnownFileType = sourcecode.swift; path = SkillModel.swift; sourceTree = "<group>"; };
		6DE0F91729DDBA3200812097 /* ExperienceEditViewController.swift */ = {isa = PBXFileReference; lastKnownFileType = sourcecode.swift; path = ExperienceEditViewController.swift; sourceTree = "<group>"; };
		6DE0F91929DDBA4000812097 /* EducationEditViewController.swift */ = {isa = PBXFileReference; lastKnownFileType = sourcecode.swift; path = EducationEditViewController.swift; sourceTree = "<group>"; };
		6DE47CE129D1DBFA00F38FCD /* SectionListViewController.swift */ = {isa = PBXFileReference; lastKnownFileType = sourcecode.swift; path = SectionListViewController.swift; sourceTree = "<group>"; };
		6DE47CE629D22B5900F38FCD /* SectionType.swift */ = {isa = PBXFileReference; lastKnownFileType = sourcecode.swift; path = SectionType.swift; sourceTree = "<group>"; };
		6DE47CE829D22B9000F38FCD /* ExperienceSectionTableViewCell.swift */ = {isa = PBXFileReference; lastKnownFileType = sourcecode.swift; path = ExperienceSectionTableViewCell.swift; sourceTree = "<group>"; };
		6DE47CEA29D22BAC00F38FCD /* EducationSectionTableViewCell.swift */ = {isa = PBXFileReference; lastKnownFileType = sourcecode.swift; path = EducationSectionTableViewCell.swift; sourceTree = "<group>"; };
		6DE47CEC29D22BCE00F38FCD /* SkillSectionTableViewCell.swift */ = {isa = PBXFileReference; lastKnownFileType = sourcecode.swift; path = SkillSectionTableViewCell.swift; sourceTree = "<group>"; };
		6DE47CEE29D22E0A00F38FCD /* AboutSectionTableViewCell.swift */ = {isa = PBXFileReference; lastKnownFileType = sourcecode.swift; path = AboutSectionTableViewCell.swift; sourceTree = "<group>"; };
		6DE47CF029D231AD00F38FCD /* AboutModel.swift */ = {isa = PBXFileReference; lastKnownFileType = sourcecode.swift; path = AboutModel.swift; sourceTree = "<group>"; };
		6DE47CF229D231BA00F38FCD /* EducationModel.swift */ = {isa = PBXFileReference; lastKnownFileType = sourcecode.swift; path = EducationModel.swift; sourceTree = "<group>"; };
		6DE47CF629D2327E00F38FCD /* SectionListViewModel.swift */ = {isa = PBXFileReference; lastKnownFileType = sourcecode.swift; path = SectionListViewModel.swift; sourceTree = "<group>"; };
		6DE47CF929D2C1F000F38FCD /* SectionBaseModel.swift */ = {isa = PBXFileReference; lastKnownFileType = sourcecode.swift; path = SectionBaseModel.swift; sourceTree = "<group>"; };
		6DE47CFB29D2D52200F38FCD /* SectionListDataModel.swift */ = {isa = PBXFileReference; lastKnownFileType = sourcecode.swift; path = SectionListDataModel.swift; sourceTree = "<group>"; };
/* End PBXFileReference section */

/* Begin PBXFrameworksBuildPhase section */
		6D849F5529CF53630041685D /* Frameworks */ = {
			isa = PBXFrameworksBuildPhase;
			buildActionMask = 2147483647;
			files = (
			);
			runOnlyForDeploymentPostprocessing = 0;
		};
/* End PBXFrameworksBuildPhase section */

/* Begin PBXGroup section */
		6D1BD84D29D6D47600570C46 /* Edit */ = {
			isa = PBXGroup;
			children = (
				6D1BD84529D6D41700570C46 /* AboutEditViewController.swift */,
				6D1BD84729D6D42E00570C46 /* ExperienceListViewController.swift */,
				6D1BD84929D6D43B00570C46 /* EducationListViewController.swift */,
				6D1BD84B29D6D44900570C46 /* SkillsEditViewController.swift */,
				6DE0F91729DDBA3200812097 /* ExperienceEditViewController.swift */,
				6DE0F91929DDBA4000812097 /* EducationEditViewController.swift */,
			);
			path = Edit;
			sourceTree = "<group>";
		};
		6D1BD84E29D6E0C400570C46 /* TableViewCells */ = {
			isa = PBXGroup;
			children = (
				6DE47CE829D22B9000F38FCD /* ExperienceSectionTableViewCell.swift */,
				6DE47CEA29D22BAC00F38FCD /* EducationSectionTableViewCell.swift */,
				6DE47CEC29D22BCE00F38FCD /* SkillSectionTableViewCell.swift */,
				6DE47CEE29D22E0A00F38FCD /* AboutSectionTableViewCell.swift */,
			);
			path = TableViewCells;
			sourceTree = "<group>";
		};
		6D3DFB8929E6B1F600684B9D /* Portfolio */ = {
			isa = PBXGroup;
			children = (
				6DE0F8FF29DAADF100812097 /* Protocols */,
				6DE47CE329D1DC0000F38FCD /* Controllers */,
				6D91895629D061C40043683D /* ViewModel */,
				6D849F7529D0021F0041685D /* Model */,
				6D849F7229D0013C0041685D /* Utils */,
				6D849F6F29CF53EC0041685D /* View */,
			);
			path = Portfolio;
			sourceTree = "<group>";
		};
		6D3DFB8A29E6B20F00684B9D /* Common */ = {
			isa = PBXGroup;
			children = (
				6DE0F90429DC2CC300812097 /* Chip */,
				6D1BD85129D7F3EC00570C46 /* UIDateTextView.swift */,
				6D1BD84F29D6E0E100570C46 /* UICountingTextView.swift */,
			);
			path = Common;
			sourceTree = "<group>";
		};
		6D3DFB8B29E6B23700684B9D /* Resume */ = {
			isa = PBXGroup;
			children = (
				6D3DFB9629E896E200684B9D /* Model */,
				6D3DFB8C29E71A5F00684B9D /* PDFGenerator.swift */,
				6D3DFB8E29E8099100684B9D /* PDFViewController.swift */,
				6D38202529EABEF10052628D /* PdfKitPdfGenerator.swift */,
				6D38202729EAF2BB0052628D /* ClassicResumeFormat.swift */,
			);
			path = Resume;
			sourceTree = "<group>";
		};
		6D3DFB9629E896E200684B9D /* Model */ = {
			isa = PBXGroup;
			children = (
				6D3DFB9229E8962E00684B9D /* PdfElement.swift */,
				6D3DFB9429E8966700684B9D /* PdfComponent.swift */,
				6D3DFB9029E80D0800684B9D /* PdfModel.swift */,
			);
			path = Model;
			sourceTree = "<group>";
		};
		6D4B63C729E029BE00A89FD8 /* LocalStorage */ = {
			isa = PBXGroup;
			children = (
				6D4B63FC29E0B76B00A89FD8 /* dataModel.xcdatamodeld */,
				6D4B63D029E06DAD00A89FD8 /* PersistentStorage.swift */,
				6D4B640929E0BD7D00A89FD8 /* About */,
				6D4B640029E0B7D900A89FD8 /* Skill */,
				6D4B63FF29E0B7D000A89FD8 /* Education */,
				6D4B63CF29E06ACE00A89FD8 /* Experience */,
			);
			path = LocalStorage;
			sourceTree = "<group>";
		};
		6D4B63CF29E06ACE00A89FD8 /* Experience */ = {
			isa = PBXGroup;
			children = (
				6D4B63D229E070C700A89FD8 /* ExperienceRepository.swift */,
				6D4B63CC29E06AC800A89FD8 /* CDExperience+CoreDataProperties.swift */,
				6D4B63CB29E06AC800A89FD8 /* CDExperience+CoreDataClass.swift */,
			);
			path = Experience;
			sourceTree = "<group>";
		};
		6D4B63FF29E0B7D000A89FD8 /* Education */ = {
			isa = PBXGroup;
			children = (
				6D4B63DB29E0B34700A89FD8 /* EducationRepository.swift */,
				6D4B640129E0B7F500A89FD8 /* CDEducation+CoreDataClass.swift */,
				6D4B640229E0B7F500A89FD8 /* CDEducation+CoreDataProperties.swift */,
			);
			path = Education;
			sourceTree = "<group>";
		};
		6D4B640029E0B7D900A89FD8 /* Skill */ = {
			isa = PBXGroup;
			children = (
				6D4B640529E0B81100A89FD8 /* CDSkill+CoreDataClass.swift */,
				6D4B640629E0B81100A89FD8 /* CDSkill+CoreDataProperties.swift */,
				6D4B640C29E0C6F200A89FD8 /* SkillRepository.swift */,
			);
			path = Skill;
			sourceTree = "<group>";
		};
		6D4B640929E0BD7D00A89FD8 /* About */ = {
			isa = PBXGroup;
			children = (
				6D4B641029E209D400A89FD8 /* CDAbout+CoreDataClass.swift */,
				6D4B641129E209D400A89FD8 /* CDAbout+CoreDataProperties.swift */,
				6D4B63D929E0B1A300A89FD8 /* AboutRepository.swift */,
			);
			path = About;
			sourceTree = "<group>";
		};
		6D849F4F29CF53630041685D = {
			isa = PBXGroup;
			children = (
				6D849F5A29CF53630041685D /* PorfolioCreator */,
				6D849F5929CF53630041685D /* Products */,
			);
			sourceTree = "<group>";
		};
		6D849F5929CF53630041685D /* Products */ = {
			isa = PBXGroup;
			children = (
				6D849F5829CF53630041685D /* PorfolioCreator.app */,
			);
			name = Products;
			sourceTree = "<group>";
		};
		6D849F5A29CF53630041685D /* PorfolioCreator */ = {
			isa = PBXGroup;
			children = (
				6D3DFB8B29E6B23700684B9D /* Resume */,
				6D3DFB8A29E6B20F00684B9D /* Common */,
				6D3DFB8929E6B1F600684B9D /* Portfolio */,
				6D4B63C729E029BE00A89FD8 /* LocalStorage */,
				6D849F5B29CF53630041685D /* AppDelegate.swift */,
				6D849F5D29CF53630041685D /* SceneDelegate.swift */,
				6D849F6429CF53640041685D /* Assets.xcassets */,
				6D849F6629CF53640041685D /* LaunchScreen.storyboard */,
				6D849F6929CF53640041685D /* Info.plist */,
			);
			path = PorfolioCreator;
			sourceTree = "<group>";
		};
		6D849F6F29CF53EC0041685D /* View */ = {
			isa = PBXGroup;
			children = (
				6D1BD84E29D6E0C400570C46 /* TableViewCells */,
			);
			path = View;
			sourceTree = "<group>";
		};
		6D849F7229D0013C0041685D /* Utils */ = {
			isa = PBXGroup;
			children = (
				6D849F7329D0014F0041685D /* Extensions.swift */,
				6D1BD83729D586CD00570C46 /* Utils.swift */,
			);
			path = Utils;
			sourceTree = "<group>";
		};
		6D849F7529D0021F0041685D /* Model */ = {
			isa = PBXGroup;
			children = (
				6DE0F91629DD723C00812097 /* Core */,
				6DE47CF829D2C1D200F38FCD /* SectionModels */,
				6DE0F90B29DC66B100812097 /* SingleChipModel.swift */,
			);
			path = Model;
			sourceTree = "<group>";
		};
		6D91895629D061C40043683D /* ViewModel */ = {
			isa = PBXGroup;
			children = (
				6DE47CF629D2327E00F38FCD /* SectionListViewModel.swift */,
				6DE0F90729DC311C00812097 /* EducationListViewModel.swift */,
				6DE0F90929DC312900812097 /* ExperienceListViewModel.swift */,
				6DE0F90D29DC9EE700812097 /* SkillsEditViewModel.swift */,
				6D4B63C329DEC40C00A89FD8 /* ExperienceEditViewModel.swift */,
				6D4B63C529DEC41600A89FD8 /* EducationEditViewModel.swift */,
				6D4B640A29E0C24200A89FD8 /* AboutEditViewModel.swift */,
			);
			path = ViewModel;
			sourceTree = "<group>";
		};
		6DE0F8FF29DAADF100812097 /* Protocols */ = {
			isa = PBXGroup;
			children = (
			);
			path = Protocols;
			sourceTree = "<group>";
		};
		6DE0F90429DC2CC300812097 /* Chip */ = {
			isa = PBXGroup;
			children = (
				6DE0F90229DBF32E00812097 /* ChipsView.swift */,
				6DE0F90529DC2CF100812097 /* SingleChipView.swift */,
			);
			path = Chip;
			sourceTree = "<group>";
		};
		6DE0F91629DD723C00812097 /* Core */ = {
			isa = PBXGroup;
			children = (
				6DE47CF229D231BA00F38FCD /* EducationModel.swift */,
				6DE47CF029D231AD00F38FCD /* AboutModel.swift */,
				6D849F7629D002300041685D /* ExperienceModel.swift */,
				6DE0F91429DD71F300812097 /* SkillModel.swift */,
			);
			path = Core;
			sourceTree = "<group>";
		};
		6DE47CE329D1DC0000F38FCD /* Controllers */ = {
			isa = PBXGroup;
			children = (
				6D1BD84D29D6D47600570C46 /* Edit */,
				6DE47CE129D1DBFA00F38FCD /* SectionListViewController.swift */,
			);
			path = Controllers;
			sourceTree = "<group>";
		};
		6DE47CF829D2C1D200F38FCD /* SectionModels */ = {
			isa = PBXGroup;
			children = (
				6DE47CE629D22B5900F38FCD /* SectionType.swift */,
				6DE47CF929D2C1F000F38FCD /* SectionBaseModel.swift */,
				6DE47CFB29D2D52200F38FCD /* SectionListDataModel.swift */,
				6D4B640E29E0CF0200A89FD8 /* SectionListModel.swift */,
			);
			path = SectionModels;
			sourceTree = "<group>";
		};
/* End PBXGroup section */

/* Begin PBXNativeTarget section */
		6D849F5729CF53630041685D /* PorfolioCreator */ = {
			isa = PBXNativeTarget;
			buildConfigurationList = 6D849F6C29CF53640041685D /* Build configuration list for PBXNativeTarget "PorfolioCreator" */;
			buildPhases = (
				6D849F5429CF53630041685D /* Sources */,
				6D849F5529CF53630041685D /* Frameworks */,
				6D849F5629CF53630041685D /* Resources */,
			);
			buildRules = (
			);
			dependencies = (
			);
			name = PorfolioCreator;
			productName = PorfolioCreator;
			productReference = 6D849F5829CF53630041685D /* PorfolioCreator.app */;
			productType = "com.apple.product-type.application";
		};
/* End PBXNativeTarget section */

/* Begin PBXProject section */
		6D849F5029CF53630041685D /* Project object */ = {
			isa = PBXProject;
			attributes = {
				BuildIndependentTargetsInParallel = 1;
				LastSwiftUpdateCheck = 1420;
				LastUpgradeCheck = 1420;
				TargetAttributes = {
					6D849F5729CF53630041685D = {
						CreatedOnToolsVersion = 14.2;
					};
				};
			};
			buildConfigurationList = 6D849F5329CF53630041685D /* Build configuration list for PBXProject "PorfolioCreator" */;
			compatibilityVersion = "Xcode 14.0";
			developmentRegion = en;
			hasScannedForEncodings = 0;
			knownRegions = (
				en,
				Base,
			);
			mainGroup = 6D849F4F29CF53630041685D;
			productRefGroup = 6D849F5929CF53630041685D /* Products */;
			projectDirPath = "";
			projectRoot = "";
			targets = (
				6D849F5729CF53630041685D /* PorfolioCreator */,
			);
		};
/* End PBXProject section */

/* Begin PBXResourcesBuildPhase section */
		6D849F5629CF53630041685D /* Resources */ = {
			isa = PBXResourcesBuildPhase;
			buildActionMask = 2147483647;
			files = (
				6D849F6829CF53640041685D /* LaunchScreen.storyboard in Resources */,
				6D849F6529CF53640041685D /* Assets.xcassets in Resources */,
			);
			runOnlyForDeploymentPostprocessing = 0;
		};
/* End PBXResourcesBuildPhase section */

/* Begin PBXSourcesBuildPhase section */
		6D849F5429CF53630041685D /* Sources */ = {
			isa = PBXSourcesBuildPhase;
			buildActionMask = 2147483647;
			files = (
				6D4B640329E0B7F500A89FD8 /* CDEducation+CoreDataClass.swift in Sources */,
				6DE0F90E29DC9EE800812097 /* SkillsEditViewModel.swift in Sources */,
				6D4B63FE29E0B76B00A89FD8 /* dataModel.xcdatamodeld in Sources */,
				6DE0F91529DD71F300812097 /* SkillModel.swift in Sources */,
				6DE47CF729D2327E00F38FCD /* SectionListViewModel.swift in Sources */,
				6D849F7429D0014F0041685D /* Extensions.swift in Sources */,
				6D1BD84629D6D41700570C46 /* AboutEditViewController.swift in Sources */,
				6D4B63C629DEC41600A89FD8 /* EducationEditViewModel.swift in Sources */,
				6DE47CE729D22B5900F38FCD /* SectionType.swift in Sources */,
				6D3DFB8F29E8099100684B9D /* PDFViewController.swift in Sources */,
				6DE0F90329DBF32E00812097 /* ChipsView.swift in Sources */,
				6DE0F90A29DC312900812097 /* ExperienceListViewModel.swift in Sources */,
				6D3DFB9529E8966700684B9D /* PdfComponent.swift in Sources */,
				6D4B63C429DEC40C00A89FD8 /* ExperienceEditViewModel.swift in Sources */,
				6D1BD84829D6D42E00570C46 /* ExperienceListViewController.swift in Sources */,
				6D1BD85029D6E0E100570C46 /* UICountingTextView.swift in Sources */,
				6D38202829EAF2BB0052628D /* ClassicResumeFormat.swift in Sources */,
				6D1BD84A29D6D43B00570C46 /* EducationListViewController.swift in Sources */,
				6D3DFB9129E80D0800684B9D /* PdfModel.swift in Sources */,
				6D4B63D329E070C700A89FD8 /* ExperienceRepository.swift in Sources */,
				6D3DFB8D29E71A5F00684B9D /* PDFGenerator.swift in Sources */,
				6DE0F90629DC2CF100812097 /* SingleChipView.swift in Sources */,
				6D849F7729D002300041685D /* ExperienceModel.swift in Sources */,
				6DE47CE229D1DBFA00F38FCD /* SectionListViewController.swift in Sources */,
				6DE47CED29D22BCE00F38FCD /* SkillSectionTableViewCell.swift in Sources */,
				6D4B640B29E0C24200A89FD8 /* AboutEditViewModel.swift in Sources */,
				6DE47CEF29D22E0A00F38FCD /* AboutSectionTableViewCell.swift in Sources */,
				6DE47CEB29D22BAC00F38FCD /* EducationSectionTableViewCell.swift in Sources */,
				6DE47CE929D22B9000F38FCD /* ExperienceSectionTableViewCell.swift in Sources */,
				6D849F5C29CF53630041685D /* AppDelegate.swift in Sources */,
				6D38202629EABEF10052628D /* PdfKitPdfGenerator.swift in Sources */,
				6D4B63CD29E06AC800A89FD8 /* CDExperience+CoreDataClass.swift in Sources */,
				6D4B63CE29E06AC800A89FD8 /* CDExperience+CoreDataProperties.swift in Sources */,
				6D4B640F29E0CF0200A89FD8 /* SectionListModel.swift in Sources */,
				6D4B640D29E0C6F200A89FD8 /* SkillRepository.swift in Sources */,
				6DE0F90829DC311C00812097 /* EducationListViewModel.swift in Sources */,
				6D3DFB9329E8962E00684B9D /* PdfElement.swift in Sources */,
				6D4B640429E0B7F500A89FD8 /* CDEducation+CoreDataProperties.swift in Sources */,
				6DE47CF329D231BA00F38FCD /* EducationModel.swift in Sources */,
				6D4B63D129E06DAD00A89FD8 /* PersistentStorage.swift in Sources */,
				6D4B641329E209D400A89FD8 /* CDAbout+CoreDataProperties.swift in Sources */,
				6D1BD83829D586CD00570C46 /* Utils.swift in Sources */,
				6D1BD84C29D6D44900570C46 /* SkillsEditViewController.swift in Sources */,
				6DE47CF129D231AD00F38FCD /* AboutModel.swift in Sources */,
				6D1BD85229D7F3ED00570C46 /* UIDateTextView.swift in Sources */,
				6DE47CFC29D2D52200F38FCD /* SectionListDataModel.swift in Sources */,
				6D4B63DC29E0B34700A89FD8 /* EducationRepository.swift in Sources */,
				6D849F5E29CF53630041685D /* SceneDelegate.swift in Sources */,
				6DE0F91A29DDBA4000812097 /* EducationEditViewController.swift in Sources */,
				6D4B640729E0B81100A89FD8 /* CDSkill+CoreDataClass.swift in Sources */,
				6DE47CFA29D2C1F000F38FCD /* SectionBaseModel.swift in Sources */,
				6D4B640829E0B81100A89FD8 /* CDSkill+CoreDataProperties.swift in Sources */,
				6D4B641229E209D400A89FD8 /* CDAbout+CoreDataClass.swift in Sources */,
				6DE0F90C29DC66B100812097 /* SingleChipModel.swift in Sources */,
				6D4B63DA29E0B1A300A89FD8 /* AboutRepository.swift in Sources */,
				6DE0F91829DDBA3200812097 /* ExperienceEditViewController.swift in Sources */,
			);
			runOnlyForDeploymentPostprocessing = 0;
		};
/* End PBXSourcesBuildPhase section */

/* Begin PBXVariantGroup section */
		6D849F6629CF53640041685D /* LaunchScreen.storyboard */ = {
			isa = PBXVariantGroup;
			children = (
				6D849F6729CF53640041685D /* Base */,
			);
			name = LaunchScreen.storyboard;
			sourceTree = "<group>";
		};
/* End PBXVariantGroup section */

/* Begin XCBuildConfiguration section */
		6D849F6A29CF53640041685D /* Debug */ = {
			isa = XCBuildConfiguration;
			buildSettings = {
				ALWAYS_SEARCH_USER_PATHS = NO;
				CLANG_ANALYZER_NONNULL = YES;
				CLANG_ANALYZER_NUMBER_OBJECT_CONVERSION = YES_AGGRESSIVE;
				CLANG_CXX_LANGUAGE_STANDARD = "gnu++20";
				CLANG_ENABLE_MODULES = YES;
				CLANG_ENABLE_OBJC_ARC = YES;
				CLANG_ENABLE_OBJC_WEAK = YES;
				CLANG_WARN_BLOCK_CAPTURE_AUTORELEASING = YES;
				CLANG_WARN_BOOL_CONVERSION = YES;
				CLANG_WARN_COMMA = YES;
				CLANG_WARN_CONSTANT_CONVERSION = YES;
				CLANG_WARN_DEPRECATED_OBJC_IMPLEMENTATIONS = YES;
				CLANG_WARN_DIRECT_OBJC_ISA_USAGE = YES_ERROR;
				CLANG_WARN_DOCUMENTATION_COMMENTS = YES;
				CLANG_WARN_EMPTY_BODY = YES;
				CLANG_WARN_ENUM_CONVERSION = YES;
				CLANG_WARN_INFINITE_RECURSION = YES;
				CLANG_WARN_INT_CONVERSION = YES;
				CLANG_WARN_NON_LITERAL_NULL_CONVERSION = YES;
				CLANG_WARN_OBJC_IMPLICIT_RETAIN_SELF = YES;
				CLANG_WARN_OBJC_LITERAL_CONVERSION = YES;
				CLANG_WARN_OBJC_ROOT_CLASS = YES_ERROR;
				CLANG_WARN_QUOTED_INCLUDE_IN_FRAMEWORK_HEADER = YES;
				CLANG_WARN_RANGE_LOOP_ANALYSIS = YES;
				CLANG_WARN_STRICT_PROTOTYPES = YES;
				CLANG_WARN_SUSPICIOUS_MOVE = YES;
				CLANG_WARN_UNGUARDED_AVAILABILITY = YES_AGGRESSIVE;
				CLANG_WARN_UNREACHABLE_CODE = YES;
				CLANG_WARN__DUPLICATE_METHOD_MATCH = YES;
				COPY_PHASE_STRIP = NO;
				DEBUG_INFORMATION_FORMAT = dwarf;
				ENABLE_STRICT_OBJC_MSGSEND = YES;
				ENABLE_TESTABILITY = YES;
				GCC_C_LANGUAGE_STANDARD = gnu11;
				GCC_DYNAMIC_NO_PIC = NO;
				GCC_NO_COMMON_BLOCKS = YES;
				GCC_OPTIMIZATION_LEVEL = 0;
				GCC_PREPROCESSOR_DEFINITIONS = (
					"DEBUG=1",
					"$(inherited)",
				);
				GCC_WARN_64_TO_32_BIT_CONVERSION = YES;
				GCC_WARN_ABOUT_RETURN_TYPE = YES_ERROR;
				GCC_WARN_UNDECLARED_SELECTOR = YES;
				GCC_WARN_UNINITIALIZED_AUTOS = YES_AGGRESSIVE;
				GCC_WARN_UNUSED_FUNCTION = YES;
				GCC_WARN_UNUSED_VARIABLE = YES;
				IPHONEOS_DEPLOYMENT_TARGET = 16.2;
				MTL_ENABLE_DEBUG_INFO = INCLUDE_SOURCE;
				MTL_FAST_MATH = YES;
				ONLY_ACTIVE_ARCH = YES;
				SDKROOT = iphoneos;
				SWIFT_ACTIVE_COMPILATION_CONDITIONS = DEBUG;
				SWIFT_OPTIMIZATION_LEVEL = "-Onone";
			};
			name = Debug;
		};
		6D849F6B29CF53640041685D /* Release */ = {
			isa = XCBuildConfiguration;
			buildSettings = {
				ALWAYS_SEARCH_USER_PATHS = NO;
				CLANG_ANALYZER_NONNULL = YES;
				CLANG_ANALYZER_NUMBER_OBJECT_CONVERSION = YES_AGGRESSIVE;
				CLANG_CXX_LANGUAGE_STANDARD = "gnu++20";
				CLANG_ENABLE_MODULES = YES;
				CLANG_ENABLE_OBJC_ARC = YES;
				CLANG_ENABLE_OBJC_WEAK = YES;
				CLANG_WARN_BLOCK_CAPTURE_AUTORELEASING = YES;
				CLANG_WARN_BOOL_CONVERSION = YES;
				CLANG_WARN_COMMA = YES;
				CLANG_WARN_CONSTANT_CONVERSION = YES;
				CLANG_WARN_DEPRECATED_OBJC_IMPLEMENTATIONS = YES;
				CLANG_WARN_DIRECT_OBJC_ISA_USAGE = YES_ERROR;
				CLANG_WARN_DOCUMENTATION_COMMENTS = YES;
				CLANG_WARN_EMPTY_BODY = YES;
				CLANG_WARN_ENUM_CONVERSION = YES;
				CLANG_WARN_INFINITE_RECURSION = YES;
				CLANG_WARN_INT_CONVERSION = YES;
				CLANG_WARN_NON_LITERAL_NULL_CONVERSION = YES;
				CLANG_WARN_OBJC_IMPLICIT_RETAIN_SELF = YES;
				CLANG_WARN_OBJC_LITERAL_CONVERSION = YES;
				CLANG_WARN_OBJC_ROOT_CLASS = YES_ERROR;
				CLANG_WARN_QUOTED_INCLUDE_IN_FRAMEWORK_HEADER = YES;
				CLANG_WARN_RANGE_LOOP_ANALYSIS = YES;
				CLANG_WARN_STRICT_PROTOTYPES = YES;
				CLANG_WARN_SUSPICIOUS_MOVE = YES;
				CLANG_WARN_UNGUARDED_AVAILABILITY = YES_AGGRESSIVE;
				CLANG_WARN_UNREACHABLE_CODE = YES;
				CLANG_WARN__DUPLICATE_METHOD_MATCH = YES;
				COPY_PHASE_STRIP = NO;
				DEBUG_INFORMATION_FORMAT = "dwarf-with-dsym";
				ENABLE_NS_ASSERTIONS = NO;
				ENABLE_STRICT_OBJC_MSGSEND = YES;
				GCC_C_LANGUAGE_STANDARD = gnu11;
				GCC_NO_COMMON_BLOCKS = YES;
				GCC_WARN_64_TO_32_BIT_CONVERSION = YES;
				GCC_WARN_ABOUT_RETURN_TYPE = YES_ERROR;
				GCC_WARN_UNDECLARED_SELECTOR = YES;
				GCC_WARN_UNINITIALIZED_AUTOS = YES_AGGRESSIVE;
				GCC_WARN_UNUSED_FUNCTION = YES;
				GCC_WARN_UNUSED_VARIABLE = YES;
				IPHONEOS_DEPLOYMENT_TARGET = 16.2;
				MTL_ENABLE_DEBUG_INFO = NO;
				MTL_FAST_MATH = YES;
				SDKROOT = iphoneos;
				SWIFT_COMPILATION_MODE = wholemodule;
				SWIFT_OPTIMIZATION_LEVEL = "-O";
				VALIDATE_PRODUCT = YES;
			};
			name = Release;
		};
		6D849F6D29CF53640041685D /* Debug */ = {
			isa = XCBuildConfiguration;
			buildSettings = {
				ASSETCATALOG_COMPILER_APPICON_NAME = AppIcon;
				ASSETCATALOG_COMPILER_GLOBAL_ACCENT_COLOR_NAME = AccentColor;
				CODE_SIGN_STYLE = Automatic;
				CURRENT_PROJECT_VERSION = 1;
				GENERATE_INFOPLIST_FILE = YES;
				INFOPLIST_FILE = PorfolioCreator/Info.plist;
				INFOPLIST_KEY_UIApplicationSupportsIndirectInputEvents = YES;
				INFOPLIST_KEY_UILaunchStoryboardName = LaunchScreen;
				INFOPLIST_KEY_UISupportedInterfaceOrientations_iPad = "UIInterfaceOrientationPortrait UIInterfaceOrientationPortraitUpsideDown UIInterfaceOrientationLandscapeLeft UIInterfaceOrientationLandscapeRight";
				INFOPLIST_KEY_UISupportedInterfaceOrientations_iPhone = "UIInterfaceOrientationPortrait UIInterfaceOrientationLandscapeLeft UIInterfaceOrientationLandscapeRight";
				LD_RUNPATH_SEARCH_PATHS = (
					"$(inherited)",
					"@executable_path/Frameworks",
				);
				MARKETING_VERSION = 1.0;
				PRODUCT_BUNDLE_IDENTIFIER = SandeepKumar.PorfolioCreator;
				PRODUCT_NAME = "$(TARGET_NAME)";
				SWIFT_EMIT_LOC_STRINGS = YES;
				SWIFT_VERSION = 5.0;
				TARGETED_DEVICE_FAMILY = "1,2";
			};
			name = Debug;
		};
		6D849F6E29CF53640041685D /* Release */ = {
			isa = XCBuildConfiguration;
			buildSettings = {
				ASSETCATALOG_COMPILER_APPICON_NAME = AppIcon;
				ASSETCATALOG_COMPILER_GLOBAL_ACCENT_COLOR_NAME = AccentColor;
				CODE_SIGN_STYLE = Automatic;
				CURRENT_PROJECT_VERSION = 1;
				GENERATE_INFOPLIST_FILE = YES;
				INFOPLIST_FILE = PorfolioCreator/Info.plist;
				INFOPLIST_KEY_UIApplicationSupportsIndirectInputEvents = YES;
				INFOPLIST_KEY_UILaunchStoryboardName = LaunchScreen;
				INFOPLIST_KEY_UISupportedInterfaceOrientations_iPad = "UIInterfaceOrientationPortrait UIInterfaceOrientationPortraitUpsideDown UIInterfaceOrientationLandscapeLeft UIInterfaceOrientationLandscapeRight";
				INFOPLIST_KEY_UISupportedInterfaceOrientations_iPhone = "UIInterfaceOrientationPortrait UIInterfaceOrientationLandscapeLeft UIInterfaceOrientationLandscapeRight";
				LD_RUNPATH_SEARCH_PATHS = (
					"$(inherited)",
					"@executable_path/Frameworks",
				);
				MARKETING_VERSION = 1.0;
				PRODUCT_BUNDLE_IDENTIFIER = SandeepKumar.PorfolioCreator;
				PRODUCT_NAME = "$(TARGET_NAME)";
				SWIFT_EMIT_LOC_STRINGS = YES;
				SWIFT_VERSION = 5.0;
				TARGETED_DEVICE_FAMILY = "1,2";
			};
			name = Release;
		};
/* End XCBuildConfiguration section */

/* Begin XCConfigurationList section */
		6D849F5329CF53630041685D /* Build configuration list for PBXProject "PorfolioCreator" */ = {
			isa = XCConfigurationList;
			buildConfigurations = (
				6D849F6A29CF53640041685D /* Debug */,
				6D849F6B29CF53640041685D /* Release */,
			);
			defaultConfigurationIsVisible = 0;
			defaultConfigurationName = Release;
		};
		6D849F6C29CF53640041685D /* Build configuration list for PBXNativeTarget "PorfolioCreator" */ = {
			isa = XCConfigurationList;
			buildConfigurations = (
				6D849F6D29CF53640041685D /* Debug */,
				6D849F6E29CF53640041685D /* Release */,
			);
			defaultConfigurationIsVisible = 0;
			defaultConfigurationName = Release;
		};
/* End XCConfigurationList section */

/* Begin XCVersionGroup section */
		6D4B63FC29E0B76B00A89FD8 /* dataModel.xcdatamodeld */ = {
			isa = XCVersionGroup;
			children = (
				6D4B63FD29E0B76B00A89FD8 /* dataModel.xcdatamodel */,
			);
			currentVersion = 6D4B63FD29E0B76B00A89FD8 /* dataModel.xcdatamodel */;
			path = dataModel.xcdatamodeld;
			sourceTree = "<group>";
			versionGroupType = wrapper.xcdatamodel;
		};
/* End XCVersionGroup section */
	};
	rootObject = 6D849F5029CF53630041685D /* Project object */;
}
