// !$*UTF8*$!
{
	archiveVersion = 1;
	classes = {
	};
	objectVersion = 56;
	objects = {

/* Begin PBXBuildFile section */
		6D1BD83829D586CD00570C46 /* Utils.swift in Sources */ = {isa = PBXBuildFile; fileRef = 6D1BD83729D586CD00570C46 /* Utils.swift */; };
		6D849F5C29CF53630041685D /* AppDelegate.swift in Sources */ = {isa = PBXBuildFile; fileRef = 6D849F5B29CF53630041685D /* AppDelegate.swift */; };
		6D849F5E29CF53630041685D /* SceneDelegate.swift in Sources */ = {isa = PBXBuildFile; fileRef = 6D849F5D29CF53630041685D /* SceneDelegate.swift */; };
		6D849F6529CF53640041685D /* Assets.xcassets in Resources */ = {isa = PBXBuildFile; fileRef = 6D849F6429CF53640041685D /* Assets.xcassets */; };
		6D849F6829CF53640041685D /* LaunchScreen.storyboard in Resources */ = {isa = PBXBuildFile; fileRef = 6D849F6629CF53640041685D /* LaunchScreen.storyboard */; };
		6D849F7429D0014F0041685D /* Extensions.swift in Sources */ = {isa = PBXBuildFile; fileRef = 6D849F7329D0014F0041685D /* Extensions.swift */; };
		6D849F7729D002300041685D /* ExperienceModel.swift in Sources */ = {isa = PBXBuildFile; fileRef = 6D849F7629D002300041685D /* ExperienceModel.swift */; };
		6DE47CE229D1DBFA00F38FCD /* SectionListViewController.swift in Sources */ = {isa = PBXBuildFile; fileRef = 6DE47CE129D1DBFA00F38FCD /* SectionListViewController.swift */; };
		6DE47CE529D1DC2900F38FCD /* SectionDetailsViewController.swift in Sources */ = {isa = PBXBuildFile; fileRef = 6DE47CE429D1DC2900F38FCD /* SectionDetailsViewController.swift */; };
		6DE47CE729D22B5900F38FCD /* SectionType.swift in Sources */ = {isa = PBXBuildFile; fileRef = 6DE47CE629D22B5900F38FCD /* SectionType.swift */; };
		6DE47CE929D22B9000F38FCD /* ExperienceSectionTableViewCell.swift in Sources */ = {isa = PBXBuildFile; fileRef = 6DE47CE829D22B9000F38FCD /* ExperienceSectionTableViewCell.swift */; };
		6DE47CEB29D22BAC00F38FCD /* EducationSectionTableViewCell.swift in Sources */ = {isa = PBXBuildFile; fileRef = 6DE47CEA29D22BAC00F38FCD /* EducationSectionTableViewCell.swift */; };
		6DE47CED29D22BCE00F38FCD /* SkillSectionTableViewCell.swift in Sources */ = {isa = PBXBuildFile; fileRef = 6DE47CEC29D22BCE00F38FCD /* SkillSectionTableViewCell.swift */; };
		6DE47CEF29D22E0A00F38FCD /* AboutSectionTableViewCell.swift in Sources */ = {isa = PBXBuildFile; fileRef = 6DE47CEE29D22E0A00F38FCD /* AboutSectionTableViewCell.swift */; };
		6DE47CF129D231AD00F38FCD /* AboutModel.swift in Sources */ = {isa = PBXBuildFile; fileRef = 6DE47CF029D231AD00F38FCD /* AboutModel.swift */; };
		6DE47CF329D231BA00F38FCD /* EducationModel.swift in Sources */ = {isa = PBXBuildFile; fileRef = 6DE47CF229D231BA00F38FCD /* EducationModel.swift */; };
		6DE47CF529D2325A00F38FCD /* SkillModel.swift in Sources */ = {isa = PBXBuildFile; fileRef = 6DE47CF429D2325A00F38FCD /* SkillModel.swift */; };
		6DE47CF729D2327E00F38FCD /* SectionListViewModel.swift in Sources */ = {isa = PBXBuildFile; fileRef = 6DE47CF629D2327E00F38FCD /* SectionListViewModel.swift */; };
		6DE47CFA29D2C1F000F38FCD /* SectionModelProtocol.swift in Sources */ = {isa = PBXBuildFile; fileRef = 6DE47CF929D2C1F000F38FCD /* SectionModelProtocol.swift */; };
		6DE47CFC29D2D52200F38FCD /* SectionListDataModel.swift in Sources */ = {isa = PBXBuildFile; fileRef = 6DE47CFB29D2D52200F38FCD /* SectionListDataModel.swift */; };
/* End PBXBuildFile section */

/* Begin PBXFileReference section */
		6D1BD83729D586CD00570C46 /* Utils.swift */ = {isa = PBXFileReference; lastKnownFileType = sourcecode.swift; path = Utils.swift; sourceTree = "<group>"; };
		6D849F5829CF53630041685D /* PorfolioCreator.app */ = {isa = PBXFileReference; explicitFileType = wrapper.application; includeInIndex = 0; path = PorfolioCreator.app; sourceTree = BUILT_PRODUCTS_DIR; };
		6D849F5B29CF53630041685D /* AppDelegate.swift */ = {isa = PBXFileReference; lastKnownFileType = sourcecode.swift; path = AppDelegate.swift; sourceTree = "<group>"; };
		6D849F5D29CF53630041685D /* SceneDelegate.swift */ = {isa = PBXFileReference; lastKnownFileType = sourcecode.swift; path = SceneDelegate.swift; sourceTree = "<group>"; };
		6D849F6429CF53640041685D /* Assets.xcassets */ = {isa = PBXFileReference; lastKnownFileType = folder.assetcatalog; path = Assets.xcassets; sourceTree = "<group>"; };
		6D849F6729CF53640041685D /* Base */ = {isa = PBXFileReference; lastKnownFileType = file.storyboard; name = Base; path = Base.lproj/LaunchScreen.storyboard; sourceTree = "<group>"; };
		6D849F6929CF53640041685D /* Info.plist */ = {isa = PBXFileReference; lastKnownFileType = text.plist.xml; path = Info.plist; sourceTree = "<group>"; };
		6D849F7329D0014F0041685D /* Extensions.swift */ = {isa = PBXFileReference; lastKnownFileType = sourcecode.swift; path = Extensions.swift; sourceTree = "<group>"; };
		6D849F7629D002300041685D /* ExperienceModel.swift */ = {isa = PBXFileReference; lastKnownFileType = sourcecode.swift; path = ExperienceModel.swift; sourceTree = "<group>"; };
		6DE47CE129D1DBFA00F38FCD /* SectionListViewController.swift */ = {isa = PBXFileReference; lastKnownFileType = sourcecode.swift; path = SectionListViewController.swift; sourceTree = "<group>"; };
		6DE47CE429D1DC2900F38FCD /* SectionDetailsViewController.swift */ = {isa = PBXFileReference; lastKnownFileType = sourcecode.swift; path = SectionDetailsViewController.swift; sourceTree = "<group>"; };
		6DE47CE629D22B5900F38FCD /* SectionType.swift */ = {isa = PBXFileReference; lastKnownFileType = sourcecode.swift; path = SectionType.swift; sourceTree = "<group>"; };
		6DE47CE829D22B9000F38FCD /* ExperienceSectionTableViewCell.swift */ = {isa = PBXFileReference; lastKnownFileType = sourcecode.swift; path = ExperienceSectionTableViewCell.swift; sourceTree = "<group>"; };
		6DE47CEA29D22BAC00F38FCD /* EducationSectionTableViewCell.swift */ = {isa = PBXFileReference; lastKnownFileType = sourcecode.swift; path = EducationSectionTableViewCell.swift; sourceTree = "<group>"; };
		6DE47CEC29D22BCE00F38FCD /* SkillSectionTableViewCell.swift */ = {isa = PBXFileReference; lastKnownFileType = sourcecode.swift; path = SkillSectionTableViewCell.swift; sourceTree = "<group>"; };
		6DE47CEE29D22E0A00F38FCD /* AboutSectionTableViewCell.swift */ = {isa = PBXFileReference; lastKnownFileType = sourcecode.swift; path = AboutSectionTableViewCell.swift; sourceTree = "<group>"; };
		6DE47CF029D231AD00F38FCD /* AboutModel.swift */ = {isa = PBXFileReference; lastKnownFileType = sourcecode.swift; path = AboutModel.swift; sourceTree = "<group>"; };
		6DE47CF229D231BA00F38FCD /* EducationModel.swift */ = {isa = PBXFileReference; lastKnownFileType = sourcecode.swift; path = EducationModel.swift; sourceTree = "<group>"; };
		6DE47CF429D2325A00F38FCD /* SkillModel.swift */ = {isa = PBXFileReference; lastKnownFileType = sourcecode.swift; path = SkillModel.swift; sourceTree = "<group>"; };
		6DE47CF629D2327E00F38FCD /* SectionListViewModel.swift */ = {isa = PBXFileReference; lastKnownFileType = sourcecode.swift; path = SectionListViewModel.swift; sourceTree = "<group>"; };
		6DE47CF929D2C1F000F38FCD /* SectionModelProtocol.swift */ = {isa = PBXFileReference; lastKnownFileType = sourcecode.swift; path = SectionModelProtocol.swift; sourceTree = "<group>"; };
		6DE47CFB29D2D52200F38FCD /* SectionListDataModel.swift */ = {isa = PBXFileReference; lastKnownFileType = sourcecode.swift; path = SectionListDataModel.swift; sourceTree = "<group>"; };
/* End PBXFileReference section */

/* Begin PBXFrameworksBuildPhase section */
		6D849F5529CF53630041685D /* Frameworks */ = {
			isa = PBXFrameworksBuildPhase;
			buildActionMask = 2147483647;
			files = (
			);
			runOnlyForDeploymentPostprocessing = 0;
		};
/* End PBXFrameworksBuildPhase section */

/* Begin PBXGroup section */
		6D849F4F29CF53630041685D = {
			isa = PBXGroup;
			children = (
				6D849F5A29CF53630041685D /* PorfolioCreator */,
				6D849F5929CF53630041685D /* Products */,
			);
			sourceTree = "<group>";
		};
		6D849F5929CF53630041685D /* Products */ = {
			isa = PBXGroup;
			children = (
				6D849F5829CF53630041685D /* PorfolioCreator.app */,
			);
			name = Products;
			sourceTree = "<group>";
		};
		6D849F5A29CF53630041685D /* PorfolioCreator */ = {
			isa = PBXGroup;
			children = (
				6DE47CE329D1DC0000F38FCD /* Controllers */,
				6D91895629D061C40043683D /* ViewModel */,
				6D849F7529D0021F0041685D /* Model */,
				6D849F7229D0013C0041685D /* Utils */,
				6D849F6F29CF53EC0041685D /* View */,
				6D849F5B29CF53630041685D /* AppDelegate.swift */,
				6D849F5D29CF53630041685D /* SceneDelegate.swift */,
				6D849F6429CF53640041685D /* Assets.xcassets */,
				6D849F6629CF53640041685D /* LaunchScreen.storyboard */,
				6D849F6929CF53640041685D /* Info.plist */,
			);
			path = PorfolioCreator;
			sourceTree = "<group>";
		};
		6D849F6F29CF53EC0041685D /* View */ = {
			isa = PBXGroup;
			children = (
				6DE47CE829D22B9000F38FCD /* ExperienceSectionTableViewCell.swift */,
				6DE47CEA29D22BAC00F38FCD /* EducationSectionTableViewCell.swift */,
				6DE47CEC29D22BCE00F38FCD /* SkillSectionTableViewCell.swift */,
				6DE47CEE29D22E0A00F38FCD /* AboutSectionTableViewCell.swift */,
			);
			path = View;
			sourceTree = "<group>";
		};
		6D849F7229D0013C0041685D /* Utils */ = {
			isa = PBXGroup;
			children = (
				6D849F7329D0014F0041685D /* Extensions.swift */,
				6D1BD83729D586CD00570C46 /* Utils.swift */,
			);
			path = Utils;
			sourceTree = "<group>";
		};
		6D849F7529D0021F0041685D /* Model */ = {
			isa = PBXGroup;
			children = (
				6DE47CF829D2C1D200F38FCD /* SectionModels */,
				6DE47CF929D2C1F000F38FCD /* SectionModelProtocol.swift */,
				6DE47CFB29D2D52200F38FCD /* SectionListDataModel.swift */,
			);
			path = Model;
			sourceTree = "<group>";
		};
		6D91895629D061C40043683D /* ViewModel */ = {
			isa = PBXGroup;
			children = (
				6DE47CF629D2327E00F38FCD /* SectionListViewModel.swift */,
			);
			path = ViewModel;
			sourceTree = "<group>";
		};
		6DE47CE329D1DC0000F38FCD /* Controllers */ = {
			isa = PBXGroup;
			children = (
				6DE47CE129D1DBFA00F38FCD /* SectionListViewController.swift */,
				6DE47CE429D1DC2900F38FCD /* SectionDetailsViewController.swift */,
			);
			path = Controllers;
			sourceTree = "<group>";
		};
		6DE47CF829D2C1D200F38FCD /* SectionModels */ = {
			isa = PBXGroup;
			children = (
				6D849F7629D002300041685D /* ExperienceModel.swift */,
				6DE47CE629D22B5900F38FCD /* SectionType.swift */,
				6DE47CF029D231AD00F38FCD /* AboutModel.swift */,
				6DE47CF229D231BA00F38FCD /* EducationModel.swift */,
				6DE47CF429D2325A00F38FCD /* SkillModel.swift */,
			);
			path = SectionModels;
			sourceTree = "<group>";
		};
/* End PBXGroup section */

/* Begin PBXNativeTarget section */
		6D849F5729CF53630041685D /* PorfolioCreator */ = {
			isa = PBXNativeTarget;
			buildConfigurationList = 6D849F6C29CF53640041685D /* Build configuration list for PBXNativeTarget "PorfolioCreator" */;
			buildPhases = (
				6D849F5429CF53630041685D /* Sources */,
				6D849F5529CF53630041685D /* Frameworks */,
				6D849F5629CF53630041685D /* Resources */,
			);
			buildRules = (
			);
			dependencies = (
			);
			name = PorfolioCreator;
			productName = PorfolioCreator;
			productReference = 6D849F5829CF53630041685D /* PorfolioCreator.app */;
			productType = "com.apple.product-type.application";
		};
/* End PBXNativeTarget section */

/* Begin PBXProject section */
		6D849F5029CF53630041685D /* Project object */ = {
			isa = PBXProject;
			attributes = {
				BuildIndependentTargetsInParallel = 1;
				LastSwiftUpdateCheck = 1420;
				LastUpgradeCheck = 1420;
				TargetAttributes = {
					6D849F5729CF53630041685D = {
						CreatedOnToolsVersion = 14.2;
					};
				};
			};
			buildConfigurationList = 6D849F5329CF53630041685D /* Build configuration list for PBXProject "PorfolioCreator" */;
			compatibilityVersion = "Xcode 14.0";
			developmentRegion = en;
			hasScannedForEncodings = 0;
			knownRegions = (
				en,
				Base,
			);
			mainGroup = 6D849F4F29CF53630041685D;
			productRefGroup = 6D849F5929CF53630041685D /* Products */;
			projectDirPath = "";
			projectRoot = "";
			targets = (
				6D849F5729CF53630041685D /* PorfolioCreator */,
			);
		};
/* End PBXProject section */

/* Begin PBXResourcesBuildPhase section */
		6D849F5629CF53630041685D /* Resources */ = {
			isa = PBXResourcesBuildPhase;
			buildActionMask = 2147483647;
			files = (
				6D849F6829CF53640041685D /* LaunchScreen.storyboard in Resources */,
				6D849F6529CF53640041685D /* Assets.xcassets in Resources */,
			);
			runOnlyForDeploymentPostprocessing = 0;
		};
/* End PBXResourcesBuildPhase section */

/* Begin PBXSourcesBuildPhase section */
		6D849F5429CF53630041685D /* Sources */ = {
			isa = PBXSourcesBuildPhase;
			buildActionMask = 2147483647;
			files = (
				6DE47CF729D2327E00F38FCD /* SectionListViewModel.swift in Sources */,
				6D849F7429D0014F0041685D /* Extensions.swift in Sources */,
				6DE47CE729D22B5900F38FCD /* SectionType.swift in Sources */,
				6D849F7729D002300041685D /* ExperienceModel.swift in Sources */,
				6DE47CE229D1DBFA00F38FCD /* SectionListViewController.swift in Sources */,
				6DE47CED29D22BCE00F38FCD /* SkillSectionTableViewCell.swift in Sources */,
				6DE47CEF29D22E0A00F38FCD /* AboutSectionTableViewCell.swift in Sources */,
				6DE47CEB29D22BAC00F38FCD /* EducationSectionTableViewCell.swift in Sources */,
				6DE47CE929D22B9000F38FCD /* ExperienceSectionTableViewCell.swift in Sources */,
				6D849F5C29CF53630041685D /* AppDelegate.swift in Sources */,
				6DE47CF329D231BA00F38FCD /* EducationModel.swift in Sources */,
				6D1BD83829D586CD00570C46 /* Utils.swift in Sources */,
				6DE47CE529D1DC2900F38FCD /* SectionDetailsViewController.swift in Sources */,
				6DE47CF129D231AD00F38FCD /* AboutModel.swift in Sources */,
				6DE47CF529D2325A00F38FCD /* SkillModel.swift in Sources */,
				6DE47CFC29D2D52200F38FCD /* SectionListDataModel.swift in Sources */,
				6D849F5E29CF53630041685D /* SceneDelegate.swift in Sources */,
				6DE47CFA29D2C1F000F38FCD /* SectionModelProtocol.swift in Sources */,
			);
			runOnlyForDeploymentPostprocessing = 0;
		};
/* End PBXSourcesBuildPhase section */

/* Begin PBXVariantGroup section */
		6D849F6629CF53640041685D /* LaunchScreen.storyboard */ = {
			isa = PBXVariantGroup;
			children = (
				6D849F6729CF53640041685D /* Base */,
			);
			name = LaunchScreen.storyboard;
			sourceTree = "<group>";
		};
/* End PBXVariantGroup section */

/* Begin XCBuildConfiguration section */
		6D849F6A29CF53640041685D /* Debug */ = {
			isa = XCBuildConfiguration;
			buildSettings = {
				ALWAYS_SEARCH_USER_PATHS = NO;
				CLANG_ANALYZER_NONNULL = YES;
				CLANG_ANALYZER_NUMBER_OBJECT_CONVERSION = YES_AGGRESSIVE;
				CLANG_CXX_LANGUAGE_STANDARD = "gnu++20";
				CLANG_ENABLE_MODULES = YES;
				CLANG_ENABLE_OBJC_ARC = YES;
				CLANG_ENABLE_OBJC_WEAK = YES;
				CLANG_WARN_BLOCK_CAPTURE_AUTORELEASING = YES;
				CLANG_WARN_BOOL_CONVERSION = YES;
				CLANG_WARN_COMMA = YES;
				CLANG_WARN_CONSTANT_CONVERSION = YES;
				CLANG_WARN_DEPRECATED_OBJC_IMPLEMENTATIONS = YES;
				CLANG_WARN_DIRECT_OBJC_ISA_USAGE = YES_ERROR;
				CLANG_WARN_DOCUMENTATION_COMMENTS = YES;
				CLANG_WARN_EMPTY_BODY = YES;
				CLANG_WARN_ENUM_CONVERSION = YES;
				CLANG_WARN_INFINITE_RECURSION = YES;
				CLANG_WARN_INT_CONVERSION = YES;
				CLANG_WARN_NON_LITERAL_NULL_CONVERSION = YES;
				CLANG_WARN_OBJC_IMPLICIT_RETAIN_SELF = YES;
				CLANG_WARN_OBJC_LITERAL_CONVERSION = YES;
				CLANG_WARN_OBJC_ROOT_CLASS = YES_ERROR;
				CLANG_WARN_QUOTED_INCLUDE_IN_FRAMEWORK_HEADER = YES;
				CLANG_WARN_RANGE_LOOP_ANALYSIS = YES;
				CLANG_WARN_STRICT_PROTOTYPES = YES;
				CLANG_WARN_SUSPICIOUS_MOVE = YES;
				CLANG_WARN_UNGUARDED_AVAILABILITY = YES_AGGRESSIVE;
				CLANG_WARN_UNREACHABLE_CODE = YES;
				CLANG_WARN__DUPLICATE_METHOD_MATCH = YES;
				COPY_PHASE_STRIP = NO;
				DEBUG_INFORMATION_FORMAT = dwarf;
				ENABLE_STRICT_OBJC_MSGSEND = YES;
				ENABLE_TESTABILITY = YES;
				GCC_C_LANGUAGE_STANDARD = gnu11;
				GCC_DYNAMIC_NO_PIC = NO;
				GCC_NO_COMMON_BLOCKS = YES;
				GCC_OPTIMIZATION_LEVEL = 0;
				GCC_PREPROCESSOR_DEFINITIONS = (
					"DEBUG=1",
					"$(inherited)",
				);
				GCC_WARN_64_TO_32_BIT_CONVERSION = YES;
				GCC_WARN_ABOUT_RETURN_TYPE = YES_ERROR;
				GCC_WARN_UNDECLARED_SELECTOR = YES;
				GCC_WARN_UNINITIALIZED_AUTOS = YES_AGGRESSIVE;
				GCC_WARN_UNUSED_FUNCTION = YES;
				GCC_WARN_UNUSED_VARIABLE = YES;
				IPHONEOS_DEPLOYMENT_TARGET = 16.2;
				MTL_ENABLE_DEBUG_INFO = INCLUDE_SOURCE;
				MTL_FAST_MATH = YES;
				ONLY_ACTIVE_ARCH = YES;
				SDKROOT = iphoneos;
				SWIFT_ACTIVE_COMPILATION_CONDITIONS = DEBUG;
				SWIFT_OPTIMIZATION_LEVEL = "-Onone";
			};
			name = Debug;
		};
		6D849F6B29CF53640041685D /* Release */ = {
			isa = XCBuildConfiguration;
			buildSettings = {
				ALWAYS_SEARCH_USER_PATHS = NO;
				CLANG_ANALYZER_NONNULL = YES;
				CLANG_ANALYZER_NUMBER_OBJECT_CONVERSION = YES_AGGRESSIVE;
				CLANG_CXX_LANGUAGE_STANDARD = "gnu++20";
				CLANG_ENABLE_MODULES = YES;
				CLANG_ENABLE_OBJC_ARC = YES;
				CLANG_ENABLE_OBJC_WEAK = YES;
				CLANG_WARN_BLOCK_CAPTURE_AUTORELEASING = YES;
				CLANG_WARN_BOOL_CONVERSION = YES;
				CLANG_WARN_COMMA = YES;
				CLANG_WARN_CONSTANT_CONVERSION = YES;
				CLANG_WARN_DEPRECATED_OBJC_IMPLEMENTATIONS = YES;
				CLANG_WARN_DIRECT_OBJC_ISA_USAGE = YES_ERROR;
				CLANG_WARN_DOCUMENTATION_COMMENTS = YES;
				CLANG_WARN_EMPTY_BODY = YES;
				CLANG_WARN_ENUM_CONVERSION = YES;
				CLANG_WARN_INFINITE_RECURSION = YES;
				CLANG_WARN_INT_CONVERSION = YES;
				CLANG_WARN_NON_LITERAL_NULL_CONVERSION = YES;
				CLANG_WARN_OBJC_IMPLICIT_RETAIN_SELF = YES;
				CLANG_WARN_OBJC_LITERAL_CONVERSION = YES;
				CLANG_WARN_OBJC_ROOT_CLASS = YES_ERROR;
				CLANG_WARN_QUOTED_INCLUDE_IN_FRAMEWORK_HEADER = YES;
				CLANG_WARN_RANGE_LOOP_ANALYSIS = YES;
				CLANG_WARN_STRICT_PROTOTYPES = YES;
				CLANG_WARN_SUSPICIOUS_MOVE = YES;
				CLANG_WARN_UNGUARDED_AVAILABILITY = YES_AGGRESSIVE;
				CLANG_WARN_UNREACHABLE_CODE = YES;
				CLANG_WARN__DUPLICATE_METHOD_MATCH = YES;
				COPY_PHASE_STRIP = NO;
				DEBUG_INFORMATION_FORMAT = "dwarf-with-dsym";
				ENABLE_NS_ASSERTIONS = NO;
				ENABLE_STRICT_OBJC_MSGSEND = YES;
				GCC_C_LANGUAGE_STANDARD = gnu11;
				GCC_NO_COMMON_BLOCKS = YES;
				GCC_WARN_64_TO_32_BIT_CONVERSION = YES;
				GCC_WARN_ABOUT_RETURN_TYPE = YES_ERROR;
				GCC_WARN_UNDECLARED_SELECTOR = YES;
				GCC_WARN_UNINITIALIZED_AUTOS = YES_AGGRESSIVE;
				GCC_WARN_UNUSED_FUNCTION = YES;
				GCC_WARN_UNUSED_VARIABLE = YES;
				IPHONEOS_DEPLOYMENT_TARGET = 16.2;
				MTL_ENABLE_DEBUG_INFO = NO;
				MTL_FAST_MATH = YES;
				SDKROOT = iphoneos;
				SWIFT_COMPILATION_MODE = wholemodule;
				SWIFT_OPTIMIZATION_LEVEL = "-O";
				VALIDATE_PRODUCT = YES;
			};
			name = Release;
		};
		6D849F6D29CF53640041685D /* Debug */ = {
			isa = XCBuildConfiguration;
			buildSettings = {
				ASSETCATALOG_COMPILER_APPICON_NAME = AppIcon;
				ASSETCATALOG_COMPILER_GLOBAL_ACCENT_COLOR_NAME = AccentColor;
				CODE_SIGN_STYLE = Automatic;
				CURRENT_PROJECT_VERSION = 1;
				GENERATE_INFOPLIST_FILE = YES;
				INFOPLIST_FILE = PorfolioCreator/Info.plist;
				INFOPLIST_KEY_UIApplicationSupportsIndirectInputEvents = YES;
				INFOPLIST_KEY_UILaunchStoryboardName = LaunchScreen;
				INFOPLIST_KEY_UISupportedInterfaceOrientations_iPad = "UIInterfaceOrientationPortrait UIInterfaceOrientationPortraitUpsideDown UIInterfaceOrientationLandscapeLeft UIInterfaceOrientationLandscapeRight";
				INFOPLIST_KEY_UISupportedInterfaceOrientations_iPhone = "UIInterfaceOrientationPortrait UIInterfaceOrientationLandscapeLeft UIInterfaceOrientationLandscapeRight";
				LD_RUNPATH_SEARCH_PATHS = (
					"$(inherited)",
					"@executable_path/Frameworks",
				);
				MARKETING_VERSION = 1.0;
				PRODUCT_BUNDLE_IDENTIFIER = SandeepKumar.PorfolioCreator;
				PRODUCT_NAME = "$(TARGET_NAME)";
				SWIFT_EMIT_LOC_STRINGS = YES;
				SWIFT_VERSION = 5.0;
				TARGETED_DEVICE_FAMILY = "1,2";
			};
			name = Debug;
		};
		6D849F6E29CF53640041685D /* Release */ = {
			isa = XCBuildConfiguration;
			buildSettings = {
				ASSETCATALOG_COMPILER_APPICON_NAME = AppIcon;
				ASSETCATALOG_COMPILER_GLOBAL_ACCENT_COLOR_NAME = AccentColor;
				CODE_SIGN_STYLE = Automatic;
				CURRENT_PROJECT_VERSION = 1;
				GENERATE_INFOPLIST_FILE = YES;
				INFOPLIST_FILE = PorfolioCreator/Info.plist;
				INFOPLIST_KEY_UIApplicationSupportsIndirectInputEvents = YES;
				INFOPLIST_KEY_UILaunchStoryboardName = LaunchScreen;
				INFOPLIST_KEY_UISupportedInterfaceOrientations_iPad = "UIInterfaceOrientationPortrait UIInterfaceOrientationPortraitUpsideDown UIInterfaceOrientationLandscapeLeft UIInterfaceOrientationLandscapeRight";
				INFOPLIST_KEY_UISupportedInterfaceOrientations_iPhone = "UIInterfaceOrientationPortrait UIInterfaceOrientationLandscapeLeft UIInterfaceOrientationLandscapeRight";
				LD_RUNPATH_SEARCH_PATHS = (
					"$(inherited)",
					"@executable_path/Frameworks",
				);
				MARKETING_VERSION = 1.0;
				PRODUCT_BUNDLE_IDENTIFIER = SandeepKumar.PorfolioCreator;
				PRODUCT_NAME = "$(TARGET_NAME)";
				SWIFT_EMIT_LOC_STRINGS = YES;
				SWIFT_VERSION = 5.0;
				TARGETED_DEVICE_FAMILY = "1,2";
			};
			name = Release;
		};
/* End XCBuildConfiguration section */

/* Begin XCConfigurationList section */
		6D849F5329CF53630041685D /* Build configuration list for PBXProject "PorfolioCreator" */ = {
			isa = XCConfigurationList;
			buildConfigurations = (
				6D849F6A29CF53640041685D /* Debug */,
				6D849F6B29CF53640041685D /* Release */,
			);
			defaultConfigurationIsVisible = 0;
			defaultConfigurationName = Release;
		};
		6D849F6C29CF53640041685D /* Build configuration list for PBXNativeTarget "PorfolioCreator" */ = {
			isa = XCConfigurationList;
			buildConfigurations = (
				6D849F6D29CF53640041685D /* Debug */,
				6D849F6E29CF53640041685D /* Release */,
			);
			defaultConfigurationIsVisible = 0;
			defaultConfigurationName = Release;
		};
/* End XCConfigurationList section */
	};
	rootObject = 6D849F5029CF53630041685D /* Project object */;
}
